// !$*UTF8*$!
{
	archiveVersion = 1;
	classes = {
	};
	objectVersion = 56;
	objects = {

/* Begin PBXBuildFile section */
		7E7138F92A41D31400AFC4ED /* music.mp3 in Resources */ = {isa = PBXBuildFile; fileRef = 7E7138F82A41D31400AFC4ED /* music.mp3 */; };
		7EC7C3C22A3DEF3900453096 /* AppDelegate.swift in Sources */ = {isa = PBXBuildFile; fileRef = 7EC7C3C12A3DEF3900453096 /* AppDelegate.swift */; };
		7EC7C3C42A3DEF3900453096 /* SceneDelegate.swift in Sources */ = {isa = PBXBuildFile; fileRef = 7EC7C3C32A3DEF3900453096 /* SceneDelegate.swift */; };
		7EC7C3C62A3DEF3900453096 /* ViewController.swift in Sources */ = {isa = PBXBuildFile; fileRef = 7EC7C3C52A3DEF3900453096 /* ViewController.swift */; };
		7EC7C3CB2A3DEF3A00453096 /* Assets.xcassets in Resources */ = {isa = PBXBuildFile; fileRef = 7EC7C3CA2A3DEF3A00453096 /* Assets.xcassets */; };
		7EC7C3D62A3DEF9600453096 /* TabBarViewController.swift in Sources */ = {isa = PBXBuildFile; fileRef = 7EC7C3D52A3DEF9600453096 /* TabBarViewController.swift */; };
		7EC7C3D82A3DEFF500453096 /* ProgressViewController.swift in Sources */ = {isa = PBXBuildFile; fileRef = 7EC7C3D72A3DEFF500453096 /* ProgressViewController.swift */; };
		7EC7C3DA2A3DEFFE00453096 /* CalendarViewController.swift in Sources */ = {isa = PBXBuildFile; fileRef = 7EC7C3D92A3DEFFE00453096 /* CalendarViewController.swift */; };
		7EC7C3DC2A3DF00F00453096 /* QuotesViewController.swift in Sources */ = {isa = PBXBuildFile; fileRef = 7EC7C3DB2A3DF00F00453096 /* QuotesViewController.swift */; };
		7EC7C3DE2A3DF01C00453096 /* PhotosViewController.swift in Sources */ = {isa = PBXBuildFile; fileRef = 7EC7C3DD2A3DF01C00453096 /* PhotosViewController.swift */; };
		7EC7C3E32A3E037100453096 /* Launch Screen.storyboard in Resources */ = {isa = PBXBuildFile; fileRef = 7EC7C3E22A3E037100453096 /* Launch Screen.storyboard */; };
		D2D45B96DC4C919AF374D009 /* Pods_Love.framework in Frameworks */ = {isa = PBXBuildFile; fileRef = 0A4429D2BDAE1A32D04F53E9 /* Pods_Love.framework */; };
/* End PBXBuildFile section */

/* Begin PBXFileReference section */
		0A4429D2BDAE1A32D04F53E9 /* Pods_Love.framework */ = {isa = PBXFileReference; explicitFileType = wrapper.framework; includeInIndex = 0; path = Pods_Love.framework; sourceTree = BUILT_PRODUCTS_DIR; };
		23EDD03BBC8A1DB6F4892B58 /* Pods-Love.debug.xcconfig */ = {isa = PBXFileReference; includeInIndex = 1; lastKnownFileType = text.xcconfig; name = "Pods-Love.debug.xcconfig"; path = "Target Support Files/Pods-Love/Pods-Love.debug.xcconfig"; sourceTree = "<group>"; };
		7E7138F82A41D31400AFC4ED /* music.mp3 */ = {isa = PBXFileReference; lastKnownFileType = audio.mp3; path = music.mp3; sourceTree = "<group>"; };
		7EC7C3BE2A3DEF3900453096 /* Love.app */ = {isa = PBXFileReference; explicitFileType = wrapper.application; includeInIndex = 0; path = Love.app; sourceTree = BUILT_PRODUCTS_DIR; };
		7EC7C3C12A3DEF3900453096 /* AppDelegate.swift */ = {isa = PBXFileReference; lastKnownFileType = sourcecode.swift; path = AppDelegate.swift; sourceTree = "<group>"; };
		7EC7C3C32A3DEF3900453096 /* SceneDelegate.swift */ = {isa = PBXFileReference; lastKnownFileType = sourcecode.swift; path = SceneDelegate.swift; sourceTree = "<group>"; };
		7EC7C3C52A3DEF3900453096 /* ViewController.swift */ = {isa = PBXFileReference; lastKnownFileType = sourcecode.swift; path = ViewController.swift; sourceTree = "<group>"; };
		7EC7C3CA2A3DEF3A00453096 /* Assets.xcassets */ = {isa = PBXFileReference; lastKnownFileType = folder.assetcatalog; path = Assets.xcassets; sourceTree = "<group>"; };
		7EC7C3CF2A3DEF3A00453096 /* Info.plist */ = {isa = PBXFileReference; lastKnownFileType = text.plist.xml; path = Info.plist; sourceTree = "<group>"; };
		7EC7C3D52A3DEF9600453096 /* TabBarViewController.swift */ = {isa = PBXFileReference; lastKnownFileType = sourcecode.swift; path = TabBarViewController.swift; sourceTree = "<group>"; };
		7EC7C3D72A3DEFF500453096 /* ProgressViewController.swift */ = {isa = PBXFileReference; lastKnownFileType = sourcecode.swift; path = ProgressViewController.swift; sourceTree = "<group>"; };
		7EC7C3D92A3DEFFE00453096 /* CalendarViewController.swift */ = {isa = PBXFileReference; lastKnownFileType = sourcecode.swift; path = CalendarViewController.swift; sourceTree = "<group>"; };
		7EC7C3DB2A3DF00F00453096 /* QuotesViewController.swift */ = {isa = PBXFileReference; lastKnownFileType = sourcecode.swift; path = QuotesViewController.swift; sourceTree = "<group>"; };
		7EC7C3DD2A3DF01C00453096 /* PhotosViewController.swift */ = {isa = PBXFileReference; lastKnownFileType = sourcecode.swift; path = PhotosViewController.swift; sourceTree = "<group>"; };
		7EC7C3E22A3E037100453096 /* Launch Screen.storyboard */ = {isa = PBXFileReference; lastKnownFileType = file.storyboard; path = "Launch Screen.storyboard"; sourceTree = "<group>"; };
		88D0923854F8D1B6382E4051 /* Pods-Love.release.xcconfig */ = {isa = PBXFileReference; includeInIndex = 1; lastKnownFileType = text.xcconfig; name = "Pods-Love.release.xcconfig"; path = "Target Support Files/Pods-Love/Pods-Love.release.xcconfig"; sourceTree = "<group>"; };
/* End PBXFileReference section */

/* Begin PBXFrameworksBuildPhase section */
		7EC7C3BB2A3DEF3900453096 /* Frameworks */ = {
			isa = PBXFrameworksBuildPhase;
			buildActionMask = 2147483647;
			files = (
				D2D45B96DC4C919AF374D009 /* Pods_Love.framework in Frameworks */,
			);
			runOnlyForDeploymentPostprocessing = 0;
		};
/* End PBXFrameworksBuildPhase section */

/* Begin PBXGroup section */
		7EC7C3B52A3DEF3900453096 = {
			isa = PBXGroup;
			children = (
				7EC7C3C02A3DEF3900453096 /* Love */,
				7EC7C3BF2A3DEF3900453096 /* Products */,
				AC05C08CEAEE9FF3B6BAACDC /* Pods */,
				E60863F3B3843FD1771C1055 /* Frameworks */,
			);
			sourceTree = "<group>";
		};
		7EC7C3BF2A3DEF3900453096 /* Products */ = {
			isa = PBXGroup;
			children = (
				7EC7C3BE2A3DEF3900453096 /* Love.app */,
			);
			name = Products;
			sourceTree = "<group>";
		};
		7EC7C3C02A3DEF3900453096 /* Love */ = {
			isa = PBXGroup;
			children = (
				7EC7C3E12A3DF18100453096 /* Controller */,
				7EC7C3E02A3DF17D00453096 /* View */,
				7EC7C3DF2A3DF17900453096 /* Model */,
				7EC7C3C12A3DEF3900453096 /* AppDelegate.swift */,
				7EC7C3C32A3DEF3900453096 /* SceneDelegate.swift */,
				7EC7C3C52A3DEF3900453096 /* ViewController.swift */,
				7EC7C3CA2A3DEF3A00453096 /* Assets.xcassets */,
				7EC7C3CF2A3DEF3A00453096 /* Info.plist */,
				7E7138F82A41D31400AFC4ED /* music.mp3 */,
			);
			path = Love;
			sourceTree = "<group>";
		};
		7EC7C3DF2A3DF17900453096 /* Model */ = {
			isa = PBXGroup;
			children = (
			);
			path = Model;
			sourceTree = "<group>";
		};
		7EC7C3E02A3DF17D00453096 /* View */ = {
			isa = PBXGroup;
			children = (
				7EC7C3E22A3E037100453096 /* Launch Screen.storyboard */,
			);
			path = View;
			sourceTree = "<group>";
		};
		7EC7C3E12A3DF18100453096 /* Controller */ = {
			isa = PBXGroup;
			children = (
				7EC7C3D52A3DEF9600453096 /* TabBarViewController.swift */,
				7EC7C3D72A3DEFF500453096 /* ProgressViewController.swift */,
				7EC7C3D92A3DEFFE00453096 /* CalendarViewController.swift */,
				7EC7C3DB2A3DF00F00453096 /* QuotesViewController.swift */,
				7EC7C3DD2A3DF01C00453096 /* PhotosViewController.swift */,
			);
			path = Controller;
			sourceTree = "<group>";
		};
		AC05C08CEAEE9FF3B6BAACDC /* Pods */ = {
			isa = PBXGroup;
			children = (
				23EDD03BBC8A1DB6F4892B58 /* Pods-Love.debug.xcconfig */,
				88D0923854F8D1B6382E4051 /* Pods-Love.release.xcconfig */,
			);
			path = Pods;
			sourceTree = "<group>";
		};
		E60863F3B3843FD1771C1055 /* Frameworks */ = {
			isa = PBXGroup;
			children = (
				0A4429D2BDAE1A32D04F53E9 /* Pods_Love.framework */,
			);
			name = Frameworks;
			sourceTree = "<group>";
		};
/* End PBXGroup section */

/* Begin PBXNativeTarget section */
		7EC7C3BD2A3DEF3900453096 /* Love */ = {
			isa = PBXNativeTarget;
			buildConfigurationList = 7EC7C3D22A3DEF3A00453096 /* Build configuration list for PBXNativeTarget "Love" */;
			buildPhases = (
				0CEDBD66F58B73FE4F0A79FC /* [CP] Check Pods Manifest.lock */,
				7EC7C3BA2A3DEF3900453096 /* Sources */,
				7EC7C3BB2A3DEF3900453096 /* Frameworks */,
				7EC7C3BC2A3DEF3900453096 /* Resources */,
				5536B4AE20D0E177EAF9C38D /* [CP] Embed Pods Frameworks */,
			);
			buildRules = (
			);
			dependencies = (
			);
			name = Love;
			productName = Love;
			productReference = 7EC7C3BE2A3DEF3900453096 /* Love.app */;
			productType = "com.apple.product-type.application";
		};
/* End PBXNativeTarget section */

/* Begin PBXProject section */
		7EC7C3B62A3DEF3900453096 /* Project object */ = {
			isa = PBXProject;
			attributes = {
				BuildIndependentTargetsInParallel = 1;
				LastSwiftUpdateCheck = 1410;
				LastUpgradeCheck = 1410;
				TargetAttributes = {
					7EC7C3BD2A3DEF3900453096 = {
						CreatedOnToolsVersion = 14.1;
					};
				};
			};
			buildConfigurationList = 7EC7C3B92A3DEF3900453096 /* Build configuration list for PBXProject "Love" */;
			compatibilityVersion = "Xcode 14.0";
			developmentRegion = en;
			hasScannedForEncodings = 0;
			knownRegions = (
				en,
				Base,
			);
			mainGroup = 7EC7C3B52A3DEF3900453096;
			productRefGroup = 7EC7C3BF2A3DEF3900453096 /* Products */;
			projectDirPath = "";
			projectRoot = "";
			targets = (
				7EC7C3BD2A3DEF3900453096 /* Love */,
			);
		};
/* End PBXProject section */

/* Begin PBXResourcesBuildPhase section */
		7EC7C3BC2A3DEF3900453096 /* Resources */ = {
			isa = PBXResourcesBuildPhase;
			buildActionMask = 2147483647;
			files = (
				7E7138F92A41D31400AFC4ED /* music.mp3 in Resources */,
				7EC7C3E32A3E037100453096 /* Launch Screen.storyboard in Resources */,
				7EC7C3CB2A3DEF3A00453096 /* Assets.xcassets in Resources */,
			);
			runOnlyForDeploymentPostprocessing = 0;
		};
/* End PBXResourcesBuildPhase section */

/* Begin PBXShellScriptBuildPhase section */
		0CEDBD66F58B73FE4F0A79FC /* [CP] Check Pods Manifest.lock */ = {
			isa = PBXShellScriptBuildPhase;
			buildActionMask = 2147483647;
			files = (
			);
			inputFileListPaths = (
			);
			inputPaths = (
				"${PODS_PODFILE_DIR_PATH}/Podfile.lock",
				"${PODS_ROOT}/Manifest.lock",
			);
			name = "[CP] Check Pods Manifest.lock";
			outputFileListPaths = (
			);
			outputPaths = (
				"$(DERIVED_FILE_DIR)/Pods-Love-checkManifestLockResult.txt",
			);
			runOnlyForDeploymentPostprocessing = 0;
			shellPath = /bin/sh;
			shellScript = "diff \"${PODS_PODFILE_DIR_PATH}/Podfile.lock\" \"${PODS_ROOT}/Manifest.lock\" > /dev/null\nif [ $? != 0 ] ; then\n    # print error to STDERR\n    echo \"error: The sandbox is not in sync with the Podfile.lock. Run 'pod install' or update your CocoaPods installation.\" >&2\n    exit 1\nfi\n# This output is used by Xcode 'outputs' to avoid re-running this script phase.\necho \"SUCCESS\" > \"${SCRIPT_OUTPUT_FILE_0}\"\n";
			showEnvVarsInLog = 0;
		};
		5536B4AE20D0E177EAF9C38D /* [CP] Embed Pods Frameworks */ = {
			isa = PBXShellScriptBuildPhase;
			buildActionMask = 2147483647;
			files = (
			);
			inputFileListPaths = (
				"${PODS_ROOT}/Target Support Files/Pods-Love/Pods-Love-frameworks-${CONFIGURATION}-input-files.xcfilelist",
			);
			name = "[CP] Embed Pods Frameworks";
			outputFileListPaths = (
				"${PODS_ROOT}/Target Support Files/Pods-Love/Pods-Love-frameworks-${CONFIGURATION}-output-files.xcfilelist",
			);
			runOnlyForDeploymentPostprocessing = 0;
			shellPath = /bin/sh;
			shellScript = "\"${PODS_ROOT}/Target Support Files/Pods-Love/Pods-Love-frameworks.sh\"\n";
			showEnvVarsInLog = 0;
		};
/* End PBXShellScriptBuildPhase section */

/* Begin PBXSourcesBuildPhase section */
		7EC7C3BA2A3DEF3900453096 /* Sources */ = {
			isa = PBXSourcesBuildPhase;
			buildActionMask = 2147483647;
			files = (
				7EC7C3DA2A3DEFFE00453096 /* CalendarViewController.swift in Sources */,
				7EC7C3DE2A3DF01C00453096 /* PhotosViewController.swift in Sources */,
				7EC7C3D82A3DEFF500453096 /* ProgressViewController.swift in Sources */,
				7EC7C3D62A3DEF9600453096 /* TabBarViewController.swift in Sources */,
				7EC7C3C62A3DEF3900453096 /* ViewController.swift in Sources */,
				7EC7C3C22A3DEF3900453096 /* AppDelegate.swift in Sources */,
				7EC7C3C42A3DEF3900453096 /* SceneDelegate.swift in Sources */,
				7EC7C3DC2A3DF00F00453096 /* QuotesViewController.swift in Sources */,
			);
			runOnlyForDeploymentPostprocessing = 0;
		};
/* End PBXSourcesBuildPhase section */

/* Begin XCBuildConfiguration section */
		7EC7C3D02A3DEF3A00453096 /* Debug */ = {
			isa = XCBuildConfiguration;
			buildSettings = {
				ALWAYS_SEARCH_USER_PATHS = NO;
				CLANG_ANALYZER_NONNULL = YES;
				CLANG_ANALYZER_NUMBER_OBJECT_CONVERSION = YES_AGGRESSIVE;
				CLANG_CXX_LANGUAGE_STANDARD = "gnu++20";
				CLANG_ENABLE_MODULES = YES;
				CLANG_ENABLE_OBJC_ARC = YES;
				CLANG_ENABLE_OBJC_WEAK = YES;
				CLANG_WARN_BLOCK_CAPTURE_AUTORELEASING = YES;
				CLANG_WARN_BOOL_CONVERSION = YES;
				CLANG_WARN_COMMA = YES;
				CLANG_WARN_CONSTANT_CONVERSION = YES;
				CLANG_WARN_DEPRECATED_OBJC_IMPLEMENTATIONS = YES;
				CLANG_WARN_DIRECT_OBJC_ISA_USAGE = YES_ERROR;
				CLANG_WARN_DOCUMENTATION_COMMENTS = YES;
				CLANG_WARN_EMPTY_BODY = YES;
				CLANG_WARN_ENUM_CONVERSION = YES;
				CLANG_WARN_INFINITE_RECURSION = YES;
				CLANG_WARN_INT_CONVERSION = YES;
				CLANG_WARN_NON_LITERAL_NULL_CONVERSION = YES;
				CLANG_WARN_OBJC_IMPLICIT_RETAIN_SELF = YES;
				CLANG_WARN_OBJC_LITERAL_CONVERSION = YES;
				CLANG_WARN_OBJC_ROOT_CLASS = YES_ERROR;
				CLANG_WARN_QUOTED_INCLUDE_IN_FRAMEWORK_HEADER = YES;
				CLANG_WARN_RANGE_LOOP_ANALYSIS = YES;
				CLANG_WARN_STRICT_PROTOTYPES = YES;
				CLANG_WARN_SUSPICIOUS_MOVE = YES;
				CLANG_WARN_UNGUARDED_AVAILABILITY = YES_AGGRESSIVE;
				CLANG_WARN_UNREACHABLE_CODE = YES;
				CLANG_WARN__DUPLICATE_METHOD_MATCH = YES;
				COPY_PHASE_STRIP = NO;
				DEBUG_INFORMATION_FORMAT = dwarf;
				ENABLE_STRICT_OBJC_MSGSEND = YES;
				ENABLE_TESTABILITY = YES;
				GCC_C_LANGUAGE_STANDARD = gnu11;
				GCC_DYNAMIC_NO_PIC = NO;
				GCC_NO_COMMON_BLOCKS = YES;
				GCC_OPTIMIZATION_LEVEL = 0;
				GCC_PREPROCESSOR_DEFINITIONS = (
					"DEBUG=1",
					"$(inherited)",
				);
				GCC_WARN_64_TO_32_BIT_CONVERSION = YES;
				GCC_WARN_ABOUT_RETURN_TYPE = YES_ERROR;
				GCC_WARN_UNDECLARED_SELECTOR = YES;
				GCC_WARN_UNINITIALIZED_AUTOS = YES_AGGRESSIVE;
				GCC_WARN_UNUSED_FUNCTION = YES;
				GCC_WARN_UNUSED_VARIABLE = YES;
				IPHONEOS_DEPLOYMENT_TARGET = 16.1;
				MTL_ENABLE_DEBUG_INFO = INCLUDE_SOURCE;
				MTL_FAST_MATH = YES;
				ONLY_ACTIVE_ARCH = YES;
				SDKROOT = iphoneos;
				SWIFT_ACTIVE_COMPILATION_CONDITIONS = DEBUG;
				SWIFT_OPTIMIZATION_LEVEL = "-Onone";
			};
			name = Debug;
		};
		7EC7C3D12A3DEF3A00453096 /* Release */ = {
			isa = XCBuildConfiguration;
			buildSettings = {
				ALWAYS_SEARCH_USER_PATHS = NO;
				CLANG_ANALYZER_NONNULL = YES;
				CLANG_ANALYZER_NUMBER_OBJECT_CONVERSION = YES_AGGRESSIVE;
				CLANG_CXX_LANGUAGE_STANDARD = "gnu++20";
				CLANG_ENABLE_MODULES = YES;
				CLANG_ENABLE_OBJC_ARC = YES;
				CLANG_ENABLE_OBJC_WEAK = YES;
				CLANG_WARN_BLOCK_CAPTURE_AUTORELEASING = YES;
				CLANG_WARN_BOOL_CONVERSION = YES;
				CLANG_WARN_COMMA = YES;
				CLANG_WARN_CONSTANT_CONVERSION = YES;
				CLANG_WARN_DEPRECATED_OBJC_IMPLEMENTATIONS = YES;
				CLANG_WARN_DIRECT_OBJC_ISA_USAGE = YES_ERROR;
				CLANG_WARN_DOCUMENTATION_COMMENTS = YES;
				CLANG_WARN_EMPTY_BODY = YES;
				CLANG_WARN_ENUM_CONVERSION = YES;
				CLANG_WARN_INFINITE_RECURSION = YES;
				CLANG_WARN_INT_CONVERSION = YES;
				CLANG_WARN_NON_LITERAL_NULL_CONVERSION = YES;
				CLANG_WARN_OBJC_IMPLICIT_RETAIN_SELF = YES;
				CLANG_WARN_OBJC_LITERAL_CONVERSION = YES;
				CLANG_WARN_OBJC_ROOT_CLASS = YES_ERROR;
				CLANG_WARN_QUOTED_INCLUDE_IN_FRAMEWORK_HEADER = YES;
				CLANG_WARN_RANGE_LOOP_ANALYSIS = YES;
				CLANG_WARN_STRICT_PROTOTYPES = YES;
				CLANG_WARN_SUSPICIOUS_MOVE = YES;
				CLANG_WARN_UNGUARDED_AVAILABILITY = YES_AGGRESSIVE;
				CLANG_WARN_UNREACHABLE_CODE = YES;
				CLANG_WARN__DUPLICATE_METHOD_MATCH = YES;
				COPY_PHASE_STRIP = NO;
				DEBUG_INFORMATION_FORMAT = "dwarf-with-dsym";
				ENABLE_NS_ASSERTIONS = NO;
				ENABLE_STRICT_OBJC_MSGSEND = YES;
				GCC_C_LANGUAGE_STANDARD = gnu11;
				GCC_NO_COMMON_BLOCKS = YES;
				GCC_WARN_64_TO_32_BIT_CONVERSION = YES;
				GCC_WARN_ABOUT_RETURN_TYPE = YES_ERROR;
				GCC_WARN_UNDECLARED_SELECTOR = YES;
				GCC_WARN_UNINITIALIZED_AUTOS = YES_AGGRESSIVE;
				GCC_WARN_UNUSED_FUNCTION = YES;
				GCC_WARN_UNUSED_VARIABLE = YES;
				IPHONEOS_DEPLOYMENT_TARGET = 16.1;
				MTL_ENABLE_DEBUG_INFO = NO;
				MTL_FAST_MATH = YES;
				SDKROOT = iphoneos;
				SWIFT_COMPILATION_MODE = wholemodule;
				SWIFT_OPTIMIZATION_LEVEL = "-O";
				VALIDATE_PRODUCT = YES;
			};
			name = Release;
		};
		7EC7C3D32A3DEF3A00453096 /* Debug */ = {
			isa = XCBuildConfiguration;
			baseConfigurationReference = 23EDD03BBC8A1DB6F4892B58 /* Pods-Love.debug.xcconfig */;
			buildSettings = {
				ASSETCATALOG_COMPILER_APPICON_NAME = AppIcon;
				ASSETCATALOG_COMPILER_GLOBAL_ACCENT_COLOR_NAME = AccentColor;
				CODE_SIGN_STYLE = Automatic;
				CURRENT_PROJECT_VERSION = 1;
				DEVELOPMENT_TEAM = 8VDCUMRDRN;
				GENERATE_INFOPLIST_FILE = YES;
				INFOPLIST_FILE = Love/Info.plist;
				INFOPLIST_KEY_UIApplicationSupportsIndirectInputEvents = YES;
				INFOPLIST_KEY_UILaunchStoryboardName = "Launch Screen.storyboard";
				INFOPLIST_KEY_UISupportedInterfaceOrientations_iPad = "UIInterfaceOrientationPortrait UIInterfaceOrientationPortraitUpsideDown UIInterfaceOrientationLandscapeLeft UIInterfaceOrientationLandscapeRight";
				INFOPLIST_KEY_UISupportedInterfaceOrientations_iPhone = "UIInterfaceOrientationPortrait UIInterfaceOrientationLandscapeLeft UIInterfaceOrientationLandscapeRight";
				IPHONEOS_DEPLOYMENT_TARGET = 15.6;
				LD_RUNPATH_SEARCH_PATHS = (
					"$(inherited)",
					"@executable_path/Frameworks",
				);
				MARKETING_VERSION = 1.0;
				PRODUCT_BUNDLE_IDENTIFIER = com.saruar.Love;
				PRODUCT_NAME = "$(TARGET_NAME)";
				SWIFT_EMIT_LOC_STRINGS = YES;
				SWIFT_VERSION = 5.0;
				TARGETED_DEVICE_FAMILY = "1,2";
			};
			name = Debug;
		};
		7EC7C3D42A3DEF3A00453096 /* Release */ = {
			isa = XCBuildConfiguration;
			baseConfigurationReference = 88D0923854F8D1B6382E4051 /* Pods-Love.release.xcconfig */;
			buildSettings = {
				ASSETCATALOG_COMPILER_APPICON_NAME = AppIcon;
				ASSETCATALOG_COMPILER_GLOBAL_ACCENT_COLOR_NAME = AccentColor;
				CODE_SIGN_STYLE = Automatic;
				CURRENT_PROJECT_VERSION = 1;
				DEVELOPMENT_TEAM = 8VDCUMRDRN;
				GENERATE_INFOPLIST_FILE = YES;
				INFOPLIST_FILE = Love/Info.plist;
				INFOPLIST_KEY_UIApplicationSupportsIndirectInputEvents = YES;
				INFOPLIST_KEY_UILaunchStoryboardName = "Launch Screen.storyboard";
				INFOPLIST_KEY_UISupportedInterfaceOrientations_iPad = "UIInterfaceOrientationPortrait UIInterfaceOrientationPortraitUpsideDown UIInterfaceOrientationLandscapeLeft UIInterfaceOrientationLandscapeRight";
				INFOPLIST_KEY_UISupportedInterfaceOrientations_iPhone = "UIInterfaceOrientationPortrait UIInterfaceOrientationLandscapeLeft UIInterfaceOrientationLandscapeRight";
				IPHONEOS_DEPLOYMENT_TARGET = 15.6;
				LD_RUNPATH_SEARCH_PATHS = (
					"$(inherited)",
					"@executable_path/Frameworks",
				);
				MARKETING_VERSION = 1.0;
				PRODUCT_BUNDLE_IDENTIFIER = com.saruar.Love;
				PRODUCT_NAME = "$(TARGET_NAME)";
				SWIFT_EMIT_LOC_STRINGS = YES;
				SWIFT_VERSION = 5.0;
				TARGETED_DEVICE_FAMILY = "1,2";
			};
			name = Release;
		};
/* End XCBuildConfiguration section */

/* Begin XCConfigurationList section */
		7EC7C3B92A3DEF3900453096 /* Build configuration list for PBXProject "Love" */ = {
			isa = XCConfigurationList;
			buildConfigurations = (
				7EC7C3D02A3DEF3A00453096 /* Debug */,
				7EC7C3D12A3DEF3A00453096 /* Release */,
			);
			defaultConfigurationIsVisible = 0;
			defaultConfigurationName = Release;
		};
		7EC7C3D22A3DEF3A00453096 /* Build configuration list for PBXNativeTarget "Love" */ = {
			isa = XCConfigurationList;
			buildConfigurations = (
				7EC7C3D32A3DEF3A00453096 /* Debug */,
				7EC7C3D42A3DEF3A00453096 /* Release */,
			);
			defaultConfigurationIsVisible = 0;
			defaultConfigurationName = Release;
		};
/* End XCConfigurationList section */
	};
	rootObject = 7EC7C3B62A3DEF3900453096 /* Project object */;
}
